
Microsoft Visual Studio Solution File, Format Version 12.00
# Visual Studio Version 17
VisualStudioVersion = 17.9.34714.143
MinimumVisualStudioVersion = 10.0.40219.1
Project("{9A19103F-16F7-4668-BE54-9A1E7A4F7556}") = "NemEcommerce.Domain", "src\NemEcommerce.Domain\NemEcommerce.Domain.csproj", "{554AD327-6DBA-4F8F-96F8-81CE7A0C863F}"
EndProject
Project("{9A19103F-16F7-4668-BE54-9A1E7A4F7556}") = "NemEcommerce.EntityFrameworkCore", "src\NemEcommerce.EntityFrameworkCore\NemEcommerce.EntityFrameworkCore.csproj", "{C956DD76-69C8-4A9C-83EA-D17DF83340FD}"
EndProject
Project("{2150E333-8FDC-42A3-9474-1A3956D46DE8}") = "src", "src", "{CA9AC87F-097E-4F15-8393-4BC07735A5B0}"
EndProject
Project("{9A19103F-16F7-4668-BE54-9A1E7A4F7556}") = "NemEcommerce.Domain.Shared", "src\NemEcommerce.Domain.Shared\NemEcommerce.Domain.Shared.csproj", "{42F719ED-8413-4895-B5B4-5AB56079BC66}"
EndProject
Project("{9A19103F-16F7-4668-BE54-9A1E7A4F7556}") = "NemEcommerce.AuthServer", "src\NemEcommerce.AuthServer\NemEcommerce.AuthServer.csproj", "{073C361E-B8F4-49F5-93CC-72A3FF49C026}"
EndProject
Project("{9A19103F-16F7-4668-BE54-9A1E7A4F7556}") = "NemEcommerce.DbMigrator", "src\NemEcommerce.DbMigrator\NemEcommerce.DbMigrator.csproj", "{AA94D832-1CCC-4715-95A9-A483F23A1A5D}"
EndProject
Project("{2150E333-8FDC-42A3-9474-1A3956D46DE8}") = "auth", "auth", "{88BDD05A-6212-48AB-AC26-109DAB03CBA1}"
EndProject
Project("{2150E333-8FDC-42A3-9474-1A3956D46DE8}") = "common", "common", "{E487906D-3023-40A6-A4BC-226DAB208C3B}"
EndProject
Project("{2150E333-8FDC-42A3-9474-1A3956D46DE8}") = "domain", "domain", "{654E6B77-21B9-4391-BB06-3CA151FA855C}"
EndProject
Project("{2150E333-8FDC-42A3-9474-1A3956D46DE8}") = "Infrastructure", "Infrastructure", "{E1FDCE10-91C9-41E5-B24A-EEFA168097CE}"
EndProject
Project("{2150E333-8FDC-42A3-9474-1A3956D46DE8}") = "public", "public", "{AF7CA5C2-71E0-41BB-857E-C9E073C1A627}"
EndProject
Project("{2150E333-8FDC-42A3-9474-1A3956D46DE8}") = "admin", "admin", "{8227E3DB-E039-4E2F-8D33-239662C42BB3}"
EndProject
Project("{9A19103F-16F7-4668-BE54-9A1E7A4F7556}") = "NemEcommerce.Admin.Application", "src\NemEcommerce.Admin.Application\NemEcommerce.Admin.Application.csproj", "{A9989DBC-17C6-4963-82C0-2CF2DCEE0CE4}"
EndProject
Project("{9A19103F-16F7-4668-BE54-9A1E7A4F7556}") = "NemEcommerce.Admin.Application.Contracts", "src\NemEcommerce.Admin.Application.Contracts\NemEcommerce.Admin.Application.Contracts.csproj", "{FBFB408C-B438-48C3-86A4-B01508426581}"
EndProject
Project("{9A19103F-16F7-4668-BE54-9A1E7A4F7556}") = "NemEcommerce.Admin.HttpApi", "src\NemEcommerce.Admin.HttpApi\NemEcommerce.Admin.HttpApi.csproj", "{C15940E8-FA28-4345-95E5-F054801FD07F}"
EndProject
Project("{9A19103F-16F7-4668-BE54-9A1E7A4F7556}") = "NemEcommerce.Admin.HttpApi.Client", "src\NemEcommerce.Admin.HttpApi.Client\NemEcommerce.Admin.HttpApi.Client.csproj", "{CD8DC4EE-6F75-46D8-9E09-E50B732926CD}"
EndProject
Project("{9A19103F-16F7-4668-BE54-9A1E7A4F7556}") = "NemEcommerce.Admin.HttpApi.Host", "src\NemEcommerce.Admin.HttpApi.Host\NemEcommerce.Admin.HttpApi.Host.csproj", "{0E9E29B7-CFEF-4631-8898-0A0FD2B997BE}"
EndProject
Project("{9A19103F-16F7-4668-BE54-9A1E7A4F7556}") = "NemEcommerce.Public.Application", "src\NemEcommerce.Public.Application\NemEcommerce.Public.Application.csproj", "{4A3A1D54-1E71-495D-B63B-810622395FF6}"
EndProject
Project("{9A19103F-16F7-4668-BE54-9A1E7A4F7556}") = "NemEcommerce.Public.Application.Contracts", "src\NemEcommerce.Public.Application.Contracts\NemEcommerce.Public.Application.Contracts.csproj", "{B21A1265-859C-46C1-B5D7-5CA7637D286A}"
EndProject
Project("{9A19103F-16F7-4668-BE54-9A1E7A4F7556}") = "NemEcommerce.Public.HttpApi", "src\NemEcommerce.Public.HttpApi\NemEcommerce.Public.HttpApi.csproj", "{7636C404-E152-4D8A-8620-2898FC075679}"
EndProject
Project("{9A19103F-16F7-4668-BE54-9A1E7A4F7556}") = "NemEcommerce.Public.HttpApi.Client", "src\NemEcommerce.Public.HttpApi.Client\NemEcommerce.Public.HttpApi.Client.csproj", "{6B3BD389-9F7F-400E-AC84-EE33896DDBBA}"
EndProject
Project("{9A19103F-16F7-4668-BE54-9A1E7A4F7556}") = "NemEcommerce.Public.Web", "src\NemEcommerce.Public.Web\NemEcommerce.Public.Web.csproj", "{F3A2CB09-5B91-416F-B084-3B0CE892D2EA}"
EndProject
Global
	GlobalSection(SolutionConfigurationPlatforms) = preSolution
		Debug|Any CPU = Debug|Any CPU
		Release|Any CPU = Release|Any CPU
	EndGlobalSection
	GlobalSection(ProjectConfigurationPlatforms) = postSolution
		{554AD327-6DBA-4F8F-96F8-81CE7A0C863F}.Debug|Any CPU.ActiveCfg = Debug|Any CPU
		{554AD327-6DBA-4F8F-96F8-81CE7A0C863F}.Debug|Any CPU.Build.0 = Debug|Any CPU
		{554AD327-6DBA-4F8F-96F8-81CE7A0C863F}.Release|Any CPU.ActiveCfg = Release|Any CPU
		{554AD327-6DBA-4F8F-96F8-81CE7A0C863F}.Release|Any CPU.Build.0 = Release|Any CPU
		{C956DD76-69C8-4A9C-83EA-D17DF83340FD}.Debug|Any CPU.ActiveCfg = Debug|Any CPU
		{C956DD76-69C8-4A9C-83EA-D17DF83340FD}.Debug|Any CPU.Build.0 = Debug|Any CPU
		{C956DD76-69C8-4A9C-83EA-D17DF83340FD}.Release|Any CPU.ActiveCfg = Release|Any CPU
		{C956DD76-69C8-4A9C-83EA-D17DF83340FD}.Release|Any CPU.Build.0 = Release|Any CPU
		{42F719ED-8413-4895-B5B4-5AB56079BC66}.Debug|Any CPU.ActiveCfg = Debug|Any CPU
		{42F719ED-8413-4895-B5B4-5AB56079BC66}.Debug|Any CPU.Build.0 = Debug|Any CPU
		{42F719ED-8413-4895-B5B4-5AB56079BC66}.Release|Any CPU.ActiveCfg = Release|Any CPU
		{42F719ED-8413-4895-B5B4-5AB56079BC66}.Release|Any CPU.Build.0 = Release|Any CPU
		{073C361E-B8F4-49F5-93CC-72A3FF49C026}.Debug|Any CPU.ActiveCfg = Debug|Any CPU
		{073C361E-B8F4-49F5-93CC-72A3FF49C026}.Debug|Any CPU.Build.0 = Debug|Any CPU
		{073C361E-B8F4-49F5-93CC-72A3FF49C026}.Release|Any CPU.ActiveCfg = Release|Any CPU
		{073C361E-B8F4-49F5-93CC-72A3FF49C026}.Release|Any CPU.Build.0 = Release|Any CPU
		{AA94D832-1CCC-4715-95A9-A483F23A1A5D}.Debug|Any CPU.ActiveCfg = Debug|Any CPU
		{AA94D832-1CCC-4715-95A9-A483F23A1A5D}.Debug|Any CPU.Build.0 = Debug|Any CPU
		{AA94D832-1CCC-4715-95A9-A483F23A1A5D}.Release|Any CPU.ActiveCfg = Release|Any CPU
		{AA94D832-1CCC-4715-95A9-A483F23A1A5D}.Release|Any CPU.Build.0 = Release|Any CPU
		{A9989DBC-17C6-4963-82C0-2CF2DCEE0CE4}.Debug|Any CPU.ActiveCfg = Debug|Any CPU
		{A9989DBC-17C6-4963-82C0-2CF2DCEE0CE4}.Debug|Any CPU.Build.0 = Debug|Any CPU
		{A9989DBC-17C6-4963-82C0-2CF2DCEE0CE4}.Release|Any CPU.ActiveCfg = Release|Any CPU
		{A9989DBC-17C6-4963-82C0-2CF2DCEE0CE4}.Release|Any CPU.Build.0 = Release|Any CPU
		{FBFB408C-B438-48C3-86A4-B01508426581}.Debug|Any CPU.ActiveCfg = Debug|Any CPU
		{FBFB408C-B438-48C3-86A4-B01508426581}.Debug|Any CPU.Build.0 = Debug|Any CPU
		{FBFB408C-B438-48C3-86A4-B01508426581}.Release|Any CPU.ActiveCfg = Release|Any CPU
		{FBFB408C-B438-48C3-86A4-B01508426581}.Release|Any CPU.Build.0 = Release|Any CPU
		{C15940E8-FA28-4345-95E5-F054801FD07F}.Debug|Any CPU.ActiveCfg = Debug|Any CPU
		{C15940E8-FA28-4345-95E5-F054801FD07F}.Debug|Any CPU.Build.0 = Debug|Any CPU
		{C15940E8-FA28-4345-95E5-F054801FD07F}.Release|Any CPU.ActiveCfg = Release|Any CPU
		{C15940E8-FA28-4345-95E5-F054801FD07F}.Release|Any CPU.Build.0 = Release|Any CPU
		{CD8DC4EE-6F75-46D8-9E09-E50B732926CD}.Debug|Any CPU.ActiveCfg = Debug|Any CPU
		{CD8DC4EE-6F75-46D8-9E09-E50B732926CD}.Debug|Any CPU.Build.0 = Debug|Any CPU
		{CD8DC4EE-6F75-46D8-9E09-E50B732926CD}.Release|Any CPU.ActiveCfg = Release|Any CPU
		{CD8DC4EE-6F75-46D8-9E09-E50B732926CD}.Release|Any CPU.Build.0 = Release|Any CPU
		{0E9E29B7-CFEF-4631-8898-0A0FD2B997BE}.Debug|Any CPU.ActiveCfg = Debug|Any CPU
		{0E9E29B7-CFEF-4631-8898-0A0FD2B997BE}.Debug|Any CPU.Build.0 = Debug|Any CPU
		{0E9E29B7-CFEF-4631-8898-0A0FD2B997BE}.Release|Any CPU.ActiveCfg = Release|Any CPU
		{0E9E29B7-CFEF-4631-8898-0A0FD2B997BE}.Release|Any CPU.Build.0 = Release|Any CPU
		{4A3A1D54-1E71-495D-B63B-810622395FF6}.Debug|Any CPU.ActiveCfg = Debug|Any CPU
		{4A3A1D54-1E71-495D-B63B-810622395FF6}.Debug|Any CPU.Build.0 = Debug|Any CPU
		{4A3A1D54-1E71-495D-B63B-810622395FF6}.Release|Any CPU.ActiveCfg = Release|Any CPU
		{4A3A1D54-1E71-495D-B63B-810622395FF6}.Release|Any CPU.Build.0 = Release|Any CPU
		{B21A1265-859C-46C1-B5D7-5CA7637D286A}.Debug|Any CPU.ActiveCfg = Debug|Any CPU
		{B21A1265-859C-46C1-B5D7-5CA7637D286A}.Debug|Any CPU.Build.0 = Debug|Any CPU
		{B21A1265-859C-46C1-B5D7-5CA7637D286A}.Release|Any CPU.ActiveCfg = Release|Any CPU
		{B21A1265-859C-46C1-B5D7-5CA7637D286A}.Release|Any CPU.Build.0 = Release|Any CPU
		{7636C404-E152-4D8A-8620-2898FC075679}.Debug|Any CPU.ActiveCfg = Debug|Any CPU
		{7636C404-E152-4D8A-8620-2898FC075679}.Debug|Any CPU.Build.0 = Debug|Any CPU
		{7636C404-E152-4D8A-8620-2898FC075679}.Release|Any CPU.ActiveCfg = Release|Any CPU
		{7636C404-E152-4D8A-8620-2898FC075679}.Release|Any CPU.Build.0 = Release|Any CPU
		{6B3BD389-9F7F-400E-AC84-EE33896DDBBA}.Debug|Any CPU.ActiveCfg = Debug|Any CPU
		{6B3BD389-9F7F-400E-AC84-EE33896DDBBA}.Debug|Any CPU.Build.0 = Debug|Any CPU
		{6B3BD389-9F7F-400E-AC84-EE33896DDBBA}.Release|Any CPU.ActiveCfg = Release|Any CPU
		{6B3BD389-9F7F-400E-AC84-EE33896DDBBA}.Release|Any CPU.Build.0 = Release|Any CPU
		{F3A2CB09-5B91-416F-B084-3B0CE892D2EA}.Debug|Any CPU.ActiveCfg = Debug|Any CPU
		{F3A2CB09-5B91-416F-B084-3B0CE892D2EA}.Debug|Any CPU.Build.0 = Debug|Any CPU
		{F3A2CB09-5B91-416F-B084-3B0CE892D2EA}.Release|Any CPU.ActiveCfg = Release|Any CPU
		{F3A2CB09-5B91-416F-B084-3B0CE892D2EA}.Release|Any CPU.Build.0 = Release|Any CPU
	EndGlobalSection
	GlobalSection(SolutionProperties) = preSolution
		HideSolutionNode = FALSE
	EndGlobalSection
	GlobalSection(NestedProjects) = preSolution
		{554AD327-6DBA-4F8F-96F8-81CE7A0C863F} = {654E6B77-21B9-4391-BB06-3CA151FA855C}
		{C956DD76-69C8-4A9C-83EA-D17DF83340FD} = {E1FDCE10-91C9-41E5-B24A-EEFA168097CE}
		{42F719ED-8413-4895-B5B4-5AB56079BC66} = {654E6B77-21B9-4391-BB06-3CA151FA855C}
		{073C361E-B8F4-49F5-93CC-72A3FF49C026} = {88BDD05A-6212-48AB-AC26-109DAB03CBA1}
		{AA94D832-1CCC-4715-95A9-A483F23A1A5D} = {E1FDCE10-91C9-41E5-B24A-EEFA168097CE}
		{88BDD05A-6212-48AB-AC26-109DAB03CBA1} = {CA9AC87F-097E-4F15-8393-4BC07735A5B0}
		{E487906D-3023-40A6-A4BC-226DAB208C3B} = {CA9AC87F-097E-4F15-8393-4BC07735A5B0}
		{654E6B77-21B9-4391-BB06-3CA151FA855C} = {E487906D-3023-40A6-A4BC-226DAB208C3B}
		{E1FDCE10-91C9-41E5-B24A-EEFA168097CE} = {E487906D-3023-40A6-A4BC-226DAB208C3B}
		{AF7CA5C2-71E0-41BB-857E-C9E073C1A627} = {CA9AC87F-097E-4F15-8393-4BC07735A5B0}
		{8227E3DB-E039-4E2F-8D33-239662C42BB3} = {CA9AC87F-097E-4F15-8393-4BC07735A5B0}
		{A9989DBC-17C6-4963-82C0-2CF2DCEE0CE4} = {8227E3DB-E039-4E2F-8D33-239662C42BB3}
		{FBFB408C-B438-48C3-86A4-B01508426581} = {8227E3DB-E039-4E2F-8D33-239662C42BB3}
		{C15940E8-FA28-4345-95E5-F054801FD07F} = {8227E3DB-E039-4E2F-8D33-239662C42BB3}
		{CD8DC4EE-6F75-46D8-9E09-E50B732926CD} = {8227E3DB-E039-4E2F-8D33-239662C42BB3}
		{0E9E29B7-CFEF-4631-8898-0A0FD2B997BE} = {8227E3DB-E039-4E2F-8D33-239662C42BB3}
		{4A3A1D54-1E71-495D-B63B-810622395FF6} = {AF7CA5C2-71E0-41BB-857E-C9E073C1A627}
		{B21A1265-859C-46C1-B5D7-5CA7637D286A} = {AF7CA5C2-71E0-41BB-857E-C9E073C1A627}
		{7636C404-E152-4D8A-8620-2898FC075679} = {AF7CA5C2-71E0-41BB-857E-C9E073C1A627}
		{6B3BD389-9F7F-400E-AC84-EE33896DDBBA} = {AF7CA5C2-71E0-41BB-857E-C9E073C1A627}
		{F3A2CB09-5B91-416F-B084-3B0CE892D2EA} = {AF7CA5C2-71E0-41BB-857E-C9E073C1A627}
	EndGlobalSection
	GlobalSection(ExtensibilityGlobals) = postSolution
		SolutionGuid = {28315BFD-90E7-4E14-A2EA-F3D23AF4126F}
	EndGlobalSection
EndGlobal
