
Microsoft Visual Studio Solution File, Format Version 12.00
# Visual Studio Version 17
VisualStudioVersion = 17.9.34714.143
MinimumVisualStudioVersion = 10.0.40219.1
Project("{9A19103F-16F7-4668-BE54-9A1E7A4F7556}") = "NemEcommerce.Domain", "src\NemEcommerce.Domain\NemEcommerce.Domain.csproj", "{554AD327-6DBA-4F8F-96F8-81CE7A0C863F}"
EndProject
Project("{9A19103F-16F7-4668-BE54-9A1E7A4F7556}") = "NemEcommerce.Application", "src\NemEcommerce.Application\NemEcommerce.Application.csproj", "{1A94A50E-06DC-43C1-80B5-B662820EC3EB}"
EndProject
Project("{9A19103F-16F7-4668-BE54-9A1E7A4F7556}") = "NemEcommerce.EntityFrameworkCore", "src\NemEcommerce.EntityFrameworkCore\NemEcommerce.EntityFrameworkCore.csproj", "{C956DD76-69C8-4A9C-83EA-D17DF83340FD}"
EndProject
Project("{2150E333-8FDC-42A3-9474-1A3956D46DE8}") = "src", "src", "{CA9AC87F-097E-4F15-8393-4BC07735A5B0}"
EndProject
Project("{2150E333-8FDC-42A3-9474-1A3956D46DE8}") = "test", "test", "{04DBDB01-70F4-4E06-B468-8F87850B22BE}"
EndProject
Project("{9A19103F-16F7-4668-BE54-9A1E7A4F7556}") = "NemEcommerce.Application.Tests", "test\NemEcommerce.Application.Tests\NemEcommerce.Application.Tests.csproj", "{50B2631D-129C-47B3-A587-029CCD6099BC}"
EndProject
Project("{9A19103F-16F7-4668-BE54-9A1E7A4F7556}") = "NemEcommerce.Domain.Shared", "src\NemEcommerce.Domain.Shared\NemEcommerce.Domain.Shared.csproj", "{42F719ED-8413-4895-B5B4-5AB56079BC66}"
EndProject
Project("{9A19103F-16F7-4668-BE54-9A1E7A4F7556}") = "NemEcommerce.Application.Contracts", "src\NemEcommerce.Application.Contracts\NemEcommerce.Application.Contracts.csproj", "{520659C8-C734-4298-A3DA-B539DB9DFC0B}"
EndProject
Project("{9A19103F-16F7-4668-BE54-9A1E7A4F7556}") = "NemEcommerce.HttpApi", "src\NemEcommerce.HttpApi\NemEcommerce.HttpApi.csproj", "{4164BDF7-F527-4E85-9CE6-E3C2D7426A27}"
EndProject
Project("{9A19103F-16F7-4668-BE54-9A1E7A4F7556}") = "NemEcommerce.HttpApi.Client", "src\NemEcommerce.HttpApi.Client\NemEcommerce.HttpApi.Client.csproj", "{3B5A0094-670D-4BB1-BFDD-61B88A8773DC}"
EndProject
Project("{9A19103F-16F7-4668-BE54-9A1E7A4F7556}") = "NemEcommerce.AuthServer", "src\NemEcommerce.AuthServer\NemEcommerce.AuthServer.csproj", "{073C361E-B8F4-49F5-93CC-72A3FF49C026}"
EndProject
Project("{9A19103F-16F7-4668-BE54-9A1E7A4F7556}") = "NemEcommerce.HttpApi.Host", "src\NemEcommerce.HttpApi.Host\NemEcommerce.HttpApi.Host.csproj", "{E6D5BF0E-DE92-4D82-A352-EF04B37CB11C}"
EndProject
Project("{9A19103F-16F7-4668-BE54-9A1E7A4F7556}") = "NemEcommerce.EntityFrameworkCore.Tests", "test\NemEcommerce.EntityFrameworkCore.Tests\NemEcommerce.EntityFrameworkCore.Tests.csproj", "{1FE30EB9-74A9-47F5-A9F6-7B1FAB672D81}"
EndProject
Project("{9A19103F-16F7-4668-BE54-9A1E7A4F7556}") = "NemEcommerce.TestBase", "test\NemEcommerce.TestBase\NemEcommerce.TestBase.csproj", "{91853F21-9CD9-4132-BC29-A7D5D84FFFE7}"
EndProject
Project("{9A19103F-16F7-4668-BE54-9A1E7A4F7556}") = "NemEcommerce.Domain.Tests", "test\NemEcommerce.Domain.Tests\NemEcommerce.Domain.Tests.csproj", "{E512F4D9-9375-480F-A2F6-A46509F9D824}"
EndProject
Project("{9A19103F-16F7-4668-BE54-9A1E7A4F7556}") = "NemEcommerce.HttpApi.Client.ConsoleTestApp", "test\NemEcommerce.HttpApi.Client.ConsoleTestApp\NemEcommerce.HttpApi.Client.ConsoleTestApp.csproj", "{EF480016-9127-4916-8735-D2466BDBC582}"
EndProject
Project("{9A19103F-16F7-4668-BE54-9A1E7A4F7556}") = "NemEcommerce.DbMigrator", "src\NemEcommerce.DbMigrator\NemEcommerce.DbMigrator.csproj", "{AA94D832-1CCC-4715-95A9-A483F23A1A5D}"
EndProject
Project("{2150E333-8FDC-42A3-9474-1A3956D46DE8}") = "auth", "auth", "{88BDD05A-6212-48AB-AC26-109DAB03CBA1}"
EndProject
Project("{2150E333-8FDC-42A3-9474-1A3956D46DE8}") = "common", "common", "{E487906D-3023-40A6-A4BC-226DAB208C3B}"
EndProject
Project("{2150E333-8FDC-42A3-9474-1A3956D46DE8}") = "domain", "domain", "{654E6B77-21B9-4391-BB06-3CA151FA855C}"
EndProject
Project("{2150E333-8FDC-42A3-9474-1A3956D46DE8}") = "Infrastructure", "Infrastructure", "{E1FDCE10-91C9-41E5-B24A-EEFA168097CE}"
EndProject
Project("{2150E333-8FDC-42A3-9474-1A3956D46DE8}") = "web", "web", "{AF7CA5C2-71E0-41BB-857E-C9E073C1A627}"
EndProject
Project("{2150E333-8FDC-42A3-9474-1A3956D46DE8}") = "admin", "admin", "{8227E3DB-E039-4E2F-8D33-239662C42BB3}"
EndProject
Project("{9A19103F-16F7-4668-BE54-9A1E7A4F7556}") = "NemEcommerce.Admin.Application", "src\NemEcommerce.Admin.Application\NemEcommerce.Admin.Application.csproj", "{A9989DBC-17C6-4963-82C0-2CF2DCEE0CE4}"
EndProject
Project("{9A19103F-16F7-4668-BE54-9A1E7A4F7556}") = "NemEcommerce.Admin.Application.Contracts", "src\NemEcommerce.Admin.Application.Contracts\NemEcommerce.Admin.Application.Contracts.csproj", "{FBFB408C-B438-48C3-86A4-B01508426581}"
EndProject
Project("{9A19103F-16F7-4668-BE54-9A1E7A4F7556}") = "NemEcommerce.Admin.HttpApi", "src\NemEcommerce.Admin.HttpApi\NemEcommerce.Admin.HttpApi.csproj", "{C15940E8-FA28-4345-95E5-F054801FD07F}"
EndProject
Project("{9A19103F-16F7-4668-BE54-9A1E7A4F7556}") = "NemEcommerce.Admin.HttpApi.Client", "src\NemEcommerce.Admin.HttpApi.Client\NemEcommerce.Admin.HttpApi.Client.csproj", "{CD8DC4EE-6F75-46D8-9E09-E50B732926CD}"
EndProject
Project("{9A19103F-16F7-4668-BE54-9A1E7A4F7556}") = "NemEcommerce.Admin.HttpApi.Host", "src\NemEcommerce.Admin.HttpApi.Host\NemEcommerce.Admin.HttpApi.Host.csproj", "{0E9E29B7-CFEF-4631-8898-0A0FD2B997BE}"
EndProject
Project("{2150E333-8FDC-42A3-9474-1A3956D46DE8}") = "admin", "admin", "{1B51DCE5-13B0-4217-909B-33EEE94F8F70}"
EndProject
Project("{2150E333-8FDC-42A3-9474-1A3956D46DE8}") = "public", "public", "{A64E16D0-241E-4F29-B6F0-506B237B95DA}"
EndProject
Project("{9A19103F-16F7-4668-BE54-9A1E7A4F7556}") = "NemEcommerce.Admin.Application.Tests", "test\NemEcommerce.Admin.Application.Tests\NemEcommerce.Admin.Application.Tests.csproj", "{454E8512-6D04-4A96-88F5-4D3EB201BBAD}"
EndProject
Project("{9A19103F-16F7-4668-BE54-9A1E7A4F7556}") = "NemEcommerce.Admin.HttpApi.Client.ConsoleTestApp", "test\NemEcommerce.Admin.HttpApi.Client.ConsoleTestApp\NemEcommerce.Admin.HttpApi.Client.ConsoleTestApp.csproj", "{C8EC739D-76EA-4069-9D18-FFE6480EE755}"
EndProject
Project("{2150E333-8FDC-42A3-9474-1A3956D46DE8}") = "shared", "shared", "{CF657787-CF8B-4C01-B3E9-566B7A603EE5}"
EndProject
Global
	GlobalSection(SolutionConfigurationPlatforms) = preSolution
		Debug|Any CPU = Debug|Any CPU
		Release|Any CPU = Release|Any CPU
	EndGlobalSection
	GlobalSection(ProjectConfigurationPlatforms) = postSolution
		{554AD327-6DBA-4F8F-96F8-81CE7A0C863F}.Debug|Any CPU.ActiveCfg = Debug|Any CPU
		{554AD327-6DBA-4F8F-96F8-81CE7A0C863F}.Debug|Any CPU.Build.0 = Debug|Any CPU
		{554AD327-6DBA-4F8F-96F8-81CE7A0C863F}.Release|Any CPU.ActiveCfg = Release|Any CPU
		{554AD327-6DBA-4F8F-96F8-81CE7A0C863F}.Release|Any CPU.Build.0 = Release|Any CPU
		{1A94A50E-06DC-43C1-80B5-B662820EC3EB}.Debug|Any CPU.ActiveCfg = Debug|Any CPU
		{1A94A50E-06DC-43C1-80B5-B662820EC3EB}.Debug|Any CPU.Build.0 = Debug|Any CPU
		{1A94A50E-06DC-43C1-80B5-B662820EC3EB}.Release|Any CPU.ActiveCfg = Release|Any CPU
		{1A94A50E-06DC-43C1-80B5-B662820EC3EB}.Release|Any CPU.Build.0 = Release|Any CPU
		{C956DD76-69C8-4A9C-83EA-D17DF83340FD}.Debug|Any CPU.ActiveCfg = Debug|Any CPU
		{C956DD76-69C8-4A9C-83EA-D17DF83340FD}.Debug|Any CPU.Build.0 = Debug|Any CPU
		{C956DD76-69C8-4A9C-83EA-D17DF83340FD}.Release|Any CPU.ActiveCfg = Release|Any CPU
		{C956DD76-69C8-4A9C-83EA-D17DF83340FD}.Release|Any CPU.Build.0 = Release|Any CPU
		{50B2631D-129C-47B3-A587-029CCD6099BC}.Debug|Any CPU.ActiveCfg = Debug|Any CPU
		{50B2631D-129C-47B3-A587-029CCD6099BC}.Debug|Any CPU.Build.0 = Debug|Any CPU
		{50B2631D-129C-47B3-A587-029CCD6099BC}.Release|Any CPU.ActiveCfg = Release|Any CPU
		{50B2631D-129C-47B3-A587-029CCD6099BC}.Release|Any CPU.Build.0 = Release|Any CPU
		{42F719ED-8413-4895-B5B4-5AB56079BC66}.Debug|Any CPU.ActiveCfg = Debug|Any CPU
		{42F719ED-8413-4895-B5B4-5AB56079BC66}.Debug|Any CPU.Build.0 = Debug|Any CPU
		{42F719ED-8413-4895-B5B4-5AB56079BC66}.Release|Any CPU.ActiveCfg = Release|Any CPU
		{42F719ED-8413-4895-B5B4-5AB56079BC66}.Release|Any CPU.Build.0 = Release|Any CPU
		{520659C8-C734-4298-A3DA-B539DB9DFC0B}.Debug|Any CPU.ActiveCfg = Debug|Any CPU
		{520659C8-C734-4298-A3DA-B539DB9DFC0B}.Debug|Any CPU.Build.0 = Debug|Any CPU
		{520659C8-C734-4298-A3DA-B539DB9DFC0B}.Release|Any CPU.ActiveCfg = Release|Any CPU
		{520659C8-C734-4298-A3DA-B539DB9DFC0B}.Release|Any CPU.Build.0 = Release|Any CPU
		{4164BDF7-F527-4E85-9CE6-E3C2D7426A27}.Debug|Any CPU.ActiveCfg = Debug|Any CPU
		{4164BDF7-F527-4E85-9CE6-E3C2D7426A27}.Debug|Any CPU.Build.0 = Debug|Any CPU
		{4164BDF7-F527-4E85-9CE6-E3C2D7426A27}.Release|Any CPU.ActiveCfg = Release|Any CPU
		{4164BDF7-F527-4E85-9CE6-E3C2D7426A27}.Release|Any CPU.Build.0 = Release|Any CPU
		{3B5A0094-670D-4BB1-BFDD-61B88A8773DC}.Debug|Any CPU.ActiveCfg = Debug|Any CPU
		{3B5A0094-670D-4BB1-BFDD-61B88A8773DC}.Debug|Any CPU.Build.0 = Debug|Any CPU
		{3B5A0094-670D-4BB1-BFDD-61B88A8773DC}.Release|Any CPU.ActiveCfg = Release|Any CPU
		{3B5A0094-670D-4BB1-BFDD-61B88A8773DC}.Release|Any CPU.Build.0 = Release|Any CPU
		{073C361E-B8F4-49F5-93CC-72A3FF49C026}.Debug|Any CPU.ActiveCfg = Debug|Any CPU
		{073C361E-B8F4-49F5-93CC-72A3FF49C026}.Debug|Any CPU.Build.0 = Debug|Any CPU
		{073C361E-B8F4-49F5-93CC-72A3FF49C026}.Release|Any CPU.ActiveCfg = Release|Any CPU
		{073C361E-B8F4-49F5-93CC-72A3FF49C026}.Release|Any CPU.Build.0 = Release|Any CPU
		{E6D5BF0E-DE92-4D82-A352-EF04B37CB11C}.Debug|Any CPU.ActiveCfg = Debug|Any CPU
		{E6D5BF0E-DE92-4D82-A352-EF04B37CB11C}.Debug|Any CPU.Build.0 = Debug|Any CPU
		{E6D5BF0E-DE92-4D82-A352-EF04B37CB11C}.Release|Any CPU.ActiveCfg = Release|Any CPU
		{E6D5BF0E-DE92-4D82-A352-EF04B37CB11C}.Release|Any CPU.Build.0 = Release|Any CPU
		{1FE30EB9-74A9-47F5-A9F6-7B1FAB672D81}.Debug|Any CPU.ActiveCfg = Debug|Any CPU
		{1FE30EB9-74A9-47F5-A9F6-7B1FAB672D81}.Debug|Any CPU.Build.0 = Debug|Any CPU
		{1FE30EB9-74A9-47F5-A9F6-7B1FAB672D81}.Release|Any CPU.ActiveCfg = Release|Any CPU
		{1FE30EB9-74A9-47F5-A9F6-7B1FAB672D81}.Release|Any CPU.Build.0 = Release|Any CPU
		{91853F21-9CD9-4132-BC29-A7D5D84FFFE7}.Debug|Any CPU.ActiveCfg = Debug|Any CPU
		{91853F21-9CD9-4132-BC29-A7D5D84FFFE7}.Debug|Any CPU.Build.0 = Debug|Any CPU
		{91853F21-9CD9-4132-BC29-A7D5D84FFFE7}.Release|Any CPU.ActiveCfg = Release|Any CPU
		{91853F21-9CD9-4132-BC29-A7D5D84FFFE7}.Release|Any CPU.Build.0 = Release|Any CPU
		{E512F4D9-9375-480F-A2F6-A46509F9D824}.Debug|Any CPU.ActiveCfg = Debug|Any CPU
		{E512F4D9-9375-480F-A2F6-A46509F9D824}.Debug|Any CPU.Build.0 = Debug|Any CPU
		{E512F4D9-9375-480F-A2F6-A46509F9D824}.Release|Any CPU.ActiveCfg = Release|Any CPU
		{E512F4D9-9375-480F-A2F6-A46509F9D824}.Release|Any CPU.Build.0 = Release|Any CPU
		{EF480016-9127-4916-8735-D2466BDBC582}.Debug|Any CPU.ActiveCfg = Debug|Any CPU
		{EF480016-9127-4916-8735-D2466BDBC582}.Debug|Any CPU.Build.0 = Debug|Any CPU
		{EF480016-9127-4916-8735-D2466BDBC582}.Release|Any CPU.ActiveCfg = Release|Any CPU
		{EF480016-9127-4916-8735-D2466BDBC582}.Release|Any CPU.Build.0 = Release|Any CPU
		{AA94D832-1CCC-4715-95A9-A483F23A1A5D}.Debug|Any CPU.ActiveCfg = Debug|Any CPU
		{AA94D832-1CCC-4715-95A9-A483F23A1A5D}.Debug|Any CPU.Build.0 = Debug|Any CPU
		{AA94D832-1CCC-4715-95A9-A483F23A1A5D}.Release|Any CPU.ActiveCfg = Release|Any CPU
		{AA94D832-1CCC-4715-95A9-A483F23A1A5D}.Release|Any CPU.Build.0 = Release|Any CPU
		{A9989DBC-17C6-4963-82C0-2CF2DCEE0CE4}.Debug|Any CPU.ActiveCfg = Debug|Any CPU
		{A9989DBC-17C6-4963-82C0-2CF2DCEE0CE4}.Debug|Any CPU.Build.0 = Debug|Any CPU
		{A9989DBC-17C6-4963-82C0-2CF2DCEE0CE4}.Release|Any CPU.ActiveCfg = Release|Any CPU
		{A9989DBC-17C6-4963-82C0-2CF2DCEE0CE4}.Release|Any CPU.Build.0 = Release|Any CPU
		{FBFB408C-B438-48C3-86A4-B01508426581}.Debug|Any CPU.ActiveCfg = Debug|Any CPU
		{FBFB408C-B438-48C3-86A4-B01508426581}.Debug|Any CPU.Build.0 = Debug|Any CPU
		{FBFB408C-B438-48C3-86A4-B01508426581}.Release|Any CPU.ActiveCfg = Release|Any CPU
		{FBFB408C-B438-48C3-86A4-B01508426581}.Release|Any CPU.Build.0 = Release|Any CPU
		{C15940E8-FA28-4345-95E5-F054801FD07F}.Debug|Any CPU.ActiveCfg = Debug|Any CPU
		{C15940E8-FA28-4345-95E5-F054801FD07F}.Debug|Any CPU.Build.0 = Debug|Any CPU
		{C15940E8-FA28-4345-95E5-F054801FD07F}.Release|Any CPU.ActiveCfg = Release|Any CPU
		{C15940E8-FA28-4345-95E5-F054801FD07F}.Release|Any CPU.Build.0 = Release|Any CPU
		{CD8DC4EE-6F75-46D8-9E09-E50B732926CD}.Debug|Any CPU.ActiveCfg = Debug|Any CPU
		{CD8DC4EE-6F75-46D8-9E09-E50B732926CD}.Debug|Any CPU.Build.0 = Debug|Any CPU
		{CD8DC4EE-6F75-46D8-9E09-E50B732926CD}.Release|Any CPU.ActiveCfg = Release|Any CPU
		{CD8DC4EE-6F75-46D8-9E09-E50B732926CD}.Release|Any CPU.Build.0 = Release|Any CPU
		{0E9E29B7-CFEF-4631-8898-0A0FD2B997BE}.Debug|Any CPU.ActiveCfg = Debug|Any CPU
		{0E9E29B7-CFEF-4631-8898-0A0FD2B997BE}.Debug|Any CPU.Build.0 = Debug|Any CPU
		{0E9E29B7-CFEF-4631-8898-0A0FD2B997BE}.Release|Any CPU.ActiveCfg = Release|Any CPU
		{0E9E29B7-CFEF-4631-8898-0A0FD2B997BE}.Release|Any CPU.Build.0 = Release|Any CPU
		{454E8512-6D04-4A96-88F5-4D3EB201BBAD}.Debug|Any CPU.ActiveCfg = Debug|Any CPU
		{454E8512-6D04-4A96-88F5-4D3EB201BBAD}.Debug|Any CPU.Build.0 = Debug|Any CPU
		{454E8512-6D04-4A96-88F5-4D3EB201BBAD}.Release|Any CPU.ActiveCfg = Release|Any CPU
		{454E8512-6D04-4A96-88F5-4D3EB201BBAD}.Release|Any CPU.Build.0 = Release|Any CPU
		{C8EC739D-76EA-4069-9D18-FFE6480EE755}.Debug|Any CPU.ActiveCfg = Debug|Any CPU
		{C8EC739D-76EA-4069-9D18-FFE6480EE755}.Debug|Any CPU.Build.0 = Debug|Any CPU
		{C8EC739D-76EA-4069-9D18-FFE6480EE755}.Release|Any CPU.ActiveCfg = Release|Any CPU
		{C8EC739D-76EA-4069-9D18-FFE6480EE755}.Release|Any CPU.Build.0 = Release|Any CPU
	EndGlobalSection
	GlobalSection(SolutionProperties) = preSolution
		HideSolutionNode = FALSE
	EndGlobalSection
	GlobalSection(NestedProjects) = preSolution
		{554AD327-6DBA-4F8F-96F8-81CE7A0C863F} = {654E6B77-21B9-4391-BB06-3CA151FA855C}
		{1A94A50E-06DC-43C1-80B5-B662820EC3EB} = {AF7CA5C2-71E0-41BB-857E-C9E073C1A627}
		{C956DD76-69C8-4A9C-83EA-D17DF83340FD} = {E1FDCE10-91C9-41E5-B24A-EEFA168097CE}
		{50B2631D-129C-47B3-A587-029CCD6099BC} = {A64E16D0-241E-4F29-B6F0-506B237B95DA}
		{42F719ED-8413-4895-B5B4-5AB56079BC66} = {654E6B77-21B9-4391-BB06-3CA151FA855C}
		{520659C8-C734-4298-A3DA-B539DB9DFC0B} = {AF7CA5C2-71E0-41BB-857E-C9E073C1A627}
		{4164BDF7-F527-4E85-9CE6-E3C2D7426A27} = {AF7CA5C2-71E0-41BB-857E-C9E073C1A627}
		{3B5A0094-670D-4BB1-BFDD-61B88A8773DC} = {AF7CA5C2-71E0-41BB-857E-C9E073C1A627}
		{073C361E-B8F4-49F5-93CC-72A3FF49C026} = {88BDD05A-6212-48AB-AC26-109DAB03CBA1}
		{E6D5BF0E-DE92-4D82-A352-EF04B37CB11C} = {AF7CA5C2-71E0-41BB-857E-C9E073C1A627}
		{1FE30EB9-74A9-47F5-A9F6-7B1FAB672D81} = {CF657787-CF8B-4C01-B3E9-566B7A603EE5}
		{91853F21-9CD9-4132-BC29-A7D5D84FFFE7} = {CF657787-CF8B-4C01-B3E9-566B7A603EE5}
		{E512F4D9-9375-480F-A2F6-A46509F9D824} = {A64E16D0-241E-4F29-B6F0-506B237B95DA}
		{EF480016-9127-4916-8735-D2466BDBC582} = {CF657787-CF8B-4C01-B3E9-566B7A603EE5}
		{AA94D832-1CCC-4715-95A9-A483F23A1A5D} = {E1FDCE10-91C9-41E5-B24A-EEFA168097CE}
		{88BDD05A-6212-48AB-AC26-109DAB03CBA1} = {CA9AC87F-097E-4F15-8393-4BC07735A5B0}
		{E487906D-3023-40A6-A4BC-226DAB208C3B} = {CA9AC87F-097E-4F15-8393-4BC07735A5B0}
		{654E6B77-21B9-4391-BB06-3CA151FA855C} = {E487906D-3023-40A6-A4BC-226DAB208C3B}
		{E1FDCE10-91C9-41E5-B24A-EEFA168097CE} = {E487906D-3023-40A6-A4BC-226DAB208C3B}
		{AF7CA5C2-71E0-41BB-857E-C9E073C1A627} = {CA9AC87F-097E-4F15-8393-4BC07735A5B0}
		{8227E3DB-E039-4E2F-8D33-239662C42BB3} = {CA9AC87F-097E-4F15-8393-4BC07735A5B0}
		{A9989DBC-17C6-4963-82C0-2CF2DCEE0CE4} = {8227E3DB-E039-4E2F-8D33-239662C42BB3}
		{FBFB408C-B438-48C3-86A4-B01508426581} = {8227E3DB-E039-4E2F-8D33-239662C42BB3}
		{C15940E8-FA28-4345-95E5-F054801FD07F} = {8227E3DB-E039-4E2F-8D33-239662C42BB3}
		{CD8DC4EE-6F75-46D8-9E09-E50B732926CD} = {8227E3DB-E039-4E2F-8D33-239662C42BB3}
		{0E9E29B7-CFEF-4631-8898-0A0FD2B997BE} = {8227E3DB-E039-4E2F-8D33-239662C42BB3}
		{1B51DCE5-13B0-4217-909B-33EEE94F8F70} = {04DBDB01-70F4-4E06-B468-8F87850B22BE}
		{A64E16D0-241E-4F29-B6F0-506B237B95DA} = {04DBDB01-70F4-4E06-B468-8F87850B22BE}
		{454E8512-6D04-4A96-88F5-4D3EB201BBAD} = {1B51DCE5-13B0-4217-909B-33EEE94F8F70}
		{C8EC739D-76EA-4069-9D18-FFE6480EE755} = {1B51DCE5-13B0-4217-909B-33EEE94F8F70}
		{CF657787-CF8B-4C01-B3E9-566B7A603EE5} = {04DBDB01-70F4-4E06-B468-8F87850B22BE}
	EndGlobalSection
	GlobalSection(ExtensibilityGlobals) = postSolution
		SolutionGuid = {28315BFD-90E7-4E14-A2EA-F3D23AF4126F}
	EndGlobalSection
EndGlobal
